
Microsoft Visual Studio Solution File, Format Version 12.00
# Visual Studio 15
VisualStudioVersion = 15.0.27703.2018
MinimumVisualStudioVersion = 10.0.40219.1
Project("{FAE04EC0-301F-11D3-BF4B-00C04F79EFBC}") = "Salazar.EFCore.DbSet.AddOrUpdate", "Salazar.EFCore.DbSet.AddOrUpdate\Salazar.EFCore.DbSet.AddOrUpdate.csproj", "{7506433F-F074-4FA5-A64A-92ED7226D6EE}"
EndProject
Global
	GlobalSection(SolutionConfigurationPlatforms) = preSolution
		Debug|Any CPU = Debug|Any CPU
		Release|Any CPU = Release|Any CPU
	EndGlobalSection
	GlobalSection(ProjectConfigurationPlatforms) = postSolution
		{7506433F-F074-4FA5-A64A-92ED7226D6EE}.Debug|Any CPU.ActiveCfg = Debug|Any CPU
		{7506433F-F074-4FA5-A64A-92ED7226D6EE}.Debug|Any CPU.Build.0 = Debug|Any CPU
		{7506433F-F074-4FA5-A64A-92ED7226D6EE}.Release|Any CPU.ActiveCfg = Release|Any CPU
		{7506433F-F074-4FA5-A64A-92ED7226D6EE}.Release|Any CPU.Build.0 = Release|Any CPU
	EndGlobalSection
	GlobalSection(SolutionProperties) = preSolution
		HideSolutionNode = FALSE
	EndGlobalSection
	GlobalSection(ExtensibilityGlobals) = postSolution
		SolutionGuid = {FD9A1A05-BE55-4E2D-A998-E5974323A62A}
	EndGlobalSection
EndGlobal
